
Microsoft Visual Studio Solution File, Format Version 12.00
# Visual Studio Version 17
VisualStudioVersion = 17.0.31903.59
MinimumVisualStudioVersion = 10.0.40219.1
Project("{FAE04EC0-301F-11D3-BF4B-00C04F79EFBC}") = "DividePoints", "DividePoints\DividePoints.csproj", "{5D4E55C2-9EB8-4280-A5E2-5BE8CC55A981}"
EndProject
Global
	GlobalSection(SolutionConfigurationPlatforms) = preSolution
		Debug|Any CPU = Debug|Any CPU
		Release|Any CPU = Release|Any CPU
	EndGlobalSection
	GlobalSection(ProjectConfigurationPlatforms) = postSolution
		{5D4E55C2-9EB8-4280-A5E2-5BE8CC55A981}.Debug|Any CPU.ActiveCfg = Debug|Any CPU
		{5D4E55C2-9EB8-4280-A5E2-5BE8CC55A981}.Debug|Any CPU.Build.0 = Debug|Any CPU
		{5D4E55C2-9EB8-4280-A5E2-5BE8CC55A981}.Release|Any CPU.ActiveCfg = Release|Any CPU
		{5D4E55C2-9EB8-4280-A5E2-5BE8CC55A981}.Release|Any CPU.Build.0 = Release|Any CPU
	EndGlobalSection
	GlobalSection(SolutionProperties) = preSolution
		HideSolutionNode = FALSE
	EndGlobalSection
	GlobalSection(ExtensibilityGlobals) = postSolution
		SolutionGuid = {B90B18F0-5B84-4095-8C03-31A5150922EE}
	EndGlobalSection
EndGlobal
